
Microsoft Visual Studio Solution File, Format Version 12.00
# Visual Studio Version 16
VisualStudioVersion = 16.0.30907.101
MinimumVisualStudioVersion = 10.0.40219.1
Project("{FAE04EC0-301F-11D3-BF4B-00C04F79EFBC}") = "ASPAssignment1", "ASPAssignment1\ASPAssignment1.csproj", "{30266A82-7EB9-405B-A266-499C2F0AF89A}"
EndProject
Global
	GlobalSection(SolutionConfigurationPlatforms) = preSolution
		Debug|Any CPU = Debug|Any CPU
		Release|Any CPU = Release|Any CPU
	EndGlobalSection
	GlobalSection(ProjectConfigurationPlatforms) = postSolution
		{30266A82-7EB9-405B-A266-499C2F0AF89A}.Debug|Any CPU.ActiveCfg = Debug|Any CPU
		{30266A82-7EB9-405B-A266-499C2F0AF89A}.Debug|Any CPU.Build.0 = Debug|Any CPU
		{30266A82-7EB9-405B-A266-499C2F0AF89A}.Release|Any CPU.ActiveCfg = Release|Any CPU
		{30266A82-7EB9-405B-A266-499C2F0AF89A}.Release|Any CPU.Build.0 = Release|Any CPU
	EndGlobalSection
	GlobalSection(SolutionProperties) = preSolution
		HideSolutionNode = FALSE
	EndGlobalSection
	GlobalSection(ExtensibilityGlobals) = postSolution
		SolutionGuid = {8A4F7005-21E8-4EAB-9F3F-5AABEF8020A7}
	EndGlobalSection
EndGlobal
